schema: '2.0'
stages:
  prepare:
    cmd: python src/prepare.py data/raw/healthcare-dataset-stroke-data.csv 
      data/prepared
    deps:
    - path: data/raw/healthcare-dataset-stroke-data.csv
      hash: md5
      md5: 3f25a4c2f2963d969e1a156c08968577
      size: 316971
    - path: src/prepare.py
      hash: md5
      md5: eb339c1d9ffc3169b2b9095a4bbfcb51
      size: 1540
    outs:
    - path: data/prepared
      hash: md5
      md5: 4d1893ee21237fb5b1819b8e5ddf3b24.dir
      size: 327574
      nfiles: 2
  train:
    cmd: python src/train.py data/prepared/train.csv data/prepared/test.csv 
      data/models
    deps:
    - path: data/prepared/test.csv
      hash: md5
      md5: 705363ce43dd36aa901a95e3acfe911a
      size: 65562
    - path: data/prepared/train.csv
      hash: md5
      md5: 9816fc1e856dda8b4f6e72f2b86833f1
      size: 262012
    - path: src/train.py
      hash: md5
      md5: a57f21f3f66218ddbd6629a1a1892cf0
      size: 7385
    outs:
    - path: data/models
      hash: md5
      md5: 63d824656edec657f8d7618cca35602e.dir
      size: 1167552
      nfiles: 1
  optimize:
    cmd: python src/optimize.py
    deps:
    - path: config/config.yaml
      hash: md5
      md5: dbe049f9034c92c83e18114b9b8cf5c1
      size: 1406
    - path: config/hpo/optuna.yaml
      hash: md5
      md5: 9303e4012f4778b9fbc1a1bb5e335d42
      size: 28
    - path: config/model/xgboost.yaml
      hash: md5
      md5: e7ac3538dfcfaa9c2df924f26f60c393
      size: 482
    - path: data/prepared/test.csv
      hash: md5
      md5: 705363ce43dd36aa901a95e3acfe911a
      size: 65562
    - path: data/prepared/train.csv
      hash: md5
      md5: 9816fc1e856dda8b4f6e72f2b86833f1
      size: 262012
    - path: src/optimize.py
      hash: md5
      md5: 25d5dcce6232b7219ee2f0d644101d91
      size: 13385
    outs:
    - path: models/best_model_xgboost_tpe.pkl
      hash: md5
      md5: 723ada7d92a21916430f4b454f4d1550
      size: 994722
